github.com/GoAethereal/cancel v0.0.1 h1:8mnuM/kOn2ke2g7clcR/1dxe0j913sPhcLZMC1DY2Ls=
github.com/GoAethereal/cancel v0.0.1/go.mod h1:A7xd/72lvTnxI5yEu/LPRNI3NxdfcurCxJzaQHI8fY0=
github.com/GoAethereal/modbus v0.0.3 h1:j+nRnw/lo972ljrxveR3/mqZvI1LkhWdOPMv4PqG4cE=
github.com/GoAethereal/modbus v0.0.3/go.mod h1:ZU7OrQlG7YxoZmYF0RQW6LFUfsw1lz2rhFScXUIfzJo=
